
Microsoft Visual Studio Solution File, Format Version 12.00
# Visual Studio Express 2013 for Windows Desktop
VisualStudioVersion = 12.0.30723.0
MinimumVisualStudioVersion = 10.0.40219.1
Project("{F184B08F-C81C-45F6-A57F-5ABD9991F28F}") = "DungeonTrace", "DungeonTrace.vbproj", "{F8F1A691-B29F-4869-B565-5383B896B696}"
EndProject
Global
	GlobalSection(SolutionConfigurationPlatforms) = preSolution
		Debug|x86 = Debug|x86
		Release|x86 = Release|x86
	EndGlobalSection
	GlobalSection(ProjectConfigurationPlatforms) = postSolution
		{F8F1A691-B29F-4869-B565-5383B896B696}.Debug|x86.ActiveCfg = Debug|x86
		{F8F1A691-B29F-4869-B565-5383B896B696}.Debug|x86.Build.0 = Debug|x86
		{F8F1A691-B29F-4869-B565-5383B896B696}.Release|x86.ActiveCfg = Release|x86
		{F8F1A691-B29F-4869-B565-5383B896B696}.Release|x86.Build.0 = Release|x86
	EndGlobalSection
	GlobalSection(SolutionProperties) = preSolution
		HideSolutionNode = FALSE
	EndGlobalSection
EndGlobal
