<?xml version="1.0" encoding="UTF-8" standalone="yes" ?>
<CodeBlocks_project_file>
	<FileVersion major="1" minor="6" />
	<Project>
		<Option title="DungeonBrothers" />
		<Option pch_mode="2" />
		<Option compiler="gcc" />
		<Build>
			<Target title="default">
				<Option output="../DungeonBrothers" prefix_auto="1" extension_auto="1" />
				<Option working_dir=".." />
				<Option type="0" />
				<Option compiler="gcc" />
				<Compiler>
					<Add option="-O3" />
					<Add option="-g" />
				</Compiler>
				<Linker>
					<Add library="SDL_ttf" />
					<Add library="SDL" />
					<Add library="SDLmain" />
					<Add library="mingw32" />
					<Add library="libws2_32" />
				</Linker>
			</Target>
		</Build>
		<Compiler>
			<Add option="-Dmain=SDL_main" />
		</Compiler>
		<Linker>
			<Add library="mingw32" />
			<Add library="SDLmain" />
			<Add library="SDL" />
			<Add library="SDL_ttf" />
			<Add library="SDL_mixer" />
		</Linker>
		<Unit filename="include/bullit.h" />
		<Unit filename="include/camera.h" />
		<Unit filename="include/config.h" />
		<Unit filename="include/debug.h" />
		<Unit filename="include/enemy.h" />
		<Unit filename="include/game.h" />
		<Unit filename="include/ilevelobject.h" />
		<Unit filename="include/levelobject.h" />
		<Unit filename="include/menu.h" />
		<Unit filename="include/menuitem.h" />
		<Unit filename="include/pencil.h" />
		<Unit filename="include/physics.h" />
		<Unit filename="include/player.h" />
		<Unit filename="include/sprite.h" />
		<Unit filename="include/spritelayer.h" />
		<Unit filename="include/world.h" />
		<Unit filename="resources.rc">
			<Option compilerVar="WINDRES" />
		</Unit>
		<Unit filename="src/bullit.c">
			<Option compilerVar="CPP" />
		</Unit>
		<Unit filename="src/camera.c">
			<Option compilerVar="CPP" />
		</Unit>
		<Unit filename="src/config.c">
			<Option compilerVar="CPP" />
		</Unit>
		<Unit filename="src/debug.c">
			<Option compilerVar="CPP" />
		</Unit>
		<Unit filename="src/enemy.c">
			<Option compilerVar="CPP" />
		</Unit>
		<Unit filename="src/game.c">
			<Option compilerVar="CPP" />
		</Unit>
		<Unit filename="src/levelobject.c">
			<Option compilerVar="CPP" />
		</Unit>
		<Unit filename="src/main.c">
			<Option compilerVar="CPP" />
		</Unit>
		<Unit filename="src/menu.cpp" />
		<Unit filename="src/menuitem.cpp" />
		<Unit filename="src/pencil.c">
			<Option compilerVar="CPP" />
		</Unit>
		<Unit filename="src/physics.c">
			<Option compilerVar="CPP" />
		</Unit>
		<Unit filename="src/player.c">
			<Option compilerVar="CPP" />
		</Unit>
		<Unit filename="src/sprite.c">
			<Option compilerVar="CPP" />
		</Unit>
		<Unit filename="src/spritelayer.c">
			<Option compilerVar="CPP" />
		</Unit>
		<Unit filename="src/world.c">
			<Option compilerVar="CPP" />
		</Unit>
		<Extensions>
			<code_completion />
			<envvars />
			<debugger />
			<lib_finder disable_auto="1" />
			<DoxyBlocks>
				<comment_style block="0" line="0" />
				<doxyfile_project />
				<doxyfile_build />
				<doxyfile_warnings />
				<doxyfile_output />
				<doxyfile_dot />
				<general />
			</DoxyBlocks>
		</Extensions>
	</Project>
</CodeBlocks_project_file>
